
Microsoft Visual Studio Solution File, Format Version 12.00
# Visual Studio 15
VisualStudioVersion = 15.0.27130.2020
MinimumVisualStudioVersion = 10.0.40219.1
Project("{FAE04EC0-301F-11D3-BF4B-00C04F79EFBC}") = "Solution_1", "Solution_1\Solution_1.csproj", "{8A47A2EC-BA36-41F6-816A-EC9F878F205C}"
EndProject
Global
	GlobalSection(SolutionConfigurationPlatforms) = preSolution
		Debug|Any CPU = Debug|Any CPU
		Release|Any CPU = Release|Any CPU
	EndGlobalSection
	GlobalSection(ProjectConfigurationPlatforms) = postSolution
		{8A47A2EC-BA36-41F6-816A-EC9F878F205C}.Debug|Any CPU.ActiveCfg = Debug|Any CPU
		{8A47A2EC-BA36-41F6-816A-EC9F878F205C}.Debug|Any CPU.Build.0 = Debug|Any CPU
		{8A47A2EC-BA36-41F6-816A-EC9F878F205C}.Release|Any CPU.ActiveCfg = Release|Any CPU
		{8A47A2EC-BA36-41F6-816A-EC9F878F205C}.Release|Any CPU.Build.0 = Release|Any CPU
	EndGlobalSection
	GlobalSection(SolutionProperties) = preSolution
		HideSolutionNode = FALSE
	EndGlobalSection
	GlobalSection(ExtensibilityGlobals) = postSolution
		SolutionGuid = {BE79E308-21DB-4337-B378-BC24123E36C5}
	EndGlobalSection
EndGlobal
